
Microsoft Visual Studio Solution File, Format Version 12.00
# Visual Studio Version 17
VisualStudioVersion = 17.0.31903.59
MinimumVisualStudioVersion = 10.0.40219.1
Project("{FAE04EC0-301F-11D3-BF4B-00C04F79EFBC}") = "RizzCapital", "RizzCapital\RizzCapital.csproj", "{8C5C3CC7-27CB-4AA8-BE40-FF4899EF4E26}"
EndProject
Project("{FAE04EC0-301F-11D3-BF4B-00C04F79EFBC}") = "RizzCapitalTest", "RizzCapitalTest\RizzCapitalTest.csproj", "{AE21F7A4-11D0-4C88-92E9-2435836F0E13}"
EndProject
Global
	GlobalSection(SolutionConfigurationPlatforms) = preSolution
		Debug|Any CPU = Debug|Any CPU
		Release|Any CPU = Release|Any CPU
	EndGlobalSection
	GlobalSection(ProjectConfigurationPlatforms) = postSolution
		{8C5C3CC7-27CB-4AA8-BE40-FF4899EF4E26}.Debug|Any CPU.ActiveCfg = Debug|Any CPU
		{8C5C3CC7-27CB-4AA8-BE40-FF4899EF4E26}.Debug|Any CPU.Build.0 = Debug|Any CPU
		{8C5C3CC7-27CB-4AA8-BE40-FF4899EF4E26}.Release|Any CPU.ActiveCfg = Release|Any CPU
		{8C5C3CC7-27CB-4AA8-BE40-FF4899EF4E26}.Release|Any CPU.Build.0 = Release|Any CPU
		{AE21F7A4-11D0-4C88-92E9-2435836F0E13}.Debug|Any CPU.ActiveCfg = Debug|Any CPU
		{AE21F7A4-11D0-4C88-92E9-2435836F0E13}.Debug|Any CPU.Build.0 = Debug|Any CPU
		{AE21F7A4-11D0-4C88-92E9-2435836F0E13}.Release|Any CPU.ActiveCfg = Release|Any CPU
		{AE21F7A4-11D0-4C88-92E9-2435836F0E13}.Release|Any CPU.Build.0 = Release|Any CPU
	EndGlobalSection
	GlobalSection(SolutionProperties) = preSolution
		HideSolutionNode = FALSE
	EndGlobalSection
EndGlobal
